<?xml version="1.0" encoding="utf-8"?>
<Project ToolsVersion="4.0" xmlns="http://schemas.microsoft.com/developer/msbuild/2003">
  <ItemGroup>
    <Filter Include="Source Files">
      <UniqueIdentifier>{4FC737F1-C7A5-4376-A066-2A32D752A2FF}</UniqueIdentifier>
      <Extensions>cpp;c;cc;cxx;def;odl;idl;hpj;bat;asm;asmx</Extensions>
    </Filter>
    <Filter Include="Header Files">
      <UniqueIdentifier>{93995380-89BD-4b04-88EB-625FBE52EBFB}</UniqueIdentifier>
      <Extensions>h;hh;hpp;hxx;hm;inl;inc;ipp;xsd</Extensions>
    </Filter>
    <Filter Include="Resource Files">
      <UniqueIdentifier>{67DA6AB6-F800-4c08-8B7A-83BB121AAD01}</UniqueIdentifier>
      <Extensions>rc;ico;cur;bmp;dlg;rc2;rct;bin;rgs;gif;jpg;jpeg;jpe;resx;tiff;tif;png;wav;mfcribbon-ms</Extensions>
    </Filter>
    <Filter Include="Resource Files\Shaders">
      <UniqueIdentifier>{a5ccc73d-4772-4c23-8bf9-fbab23ac94f2}</UniqueIdentifier>
    </Filter>
  </ItemGroup>
  <ItemGroup>
    <ClCompile Include="main.cpp">
      <Filter>Source Files</Filter>
    </ClCompile>
    <ClCompile Include="glad.c">
      <Filter>Source Files</Filter>
    </ClCompile>
    <ClCompile Include="Camera.cpp">
      <Filter>Source Files</Filter>
    </ClCompile>
    <ClCompile Include="CubicBezier.cpp">
      <Filter>Source Files</Filter>
    </ClCompile>
    <ClCompile Include="Grid3D.cpp">
      <Filter>Source Files</Filter>
    </ClCompile>
    <ClCompile Include="QuadraticBezier.cpp">
      <Filter>Source Files</Filter>
    </ClCompile>
    <ClCompile Include="Bezier.cpp">
      <Filter>Source Files</Filter>
    </ClCompile>
    <ClCompile Include="QuadraticBezierPatch.cpp">
      <Filter>Source Files</Filter>
    </ClCompile>
    <ClCompile Include="CubicBezierPatch.cpp">
      <Filter>Source Files</Filter>
    </ClCompile>
    <ClCompile Include="Light.cpp">
      <Filter>Source Files</Filter>
    </ClCompile>
  </ItemGroup>
  <ItemGroup>
    <None Include="Shaders\linesegment.frag">
      <Filter>Resource Files\Shaders</Filter>
    </None>
    <None Include="Shaders\linesegment.vert">
      <Filter>Resource Files\Shaders</Filter>
    </None>
    <None Include="Shaders\linesegment.geom">
      <Filter>Resource Files\Shaders</Filter>
    </None>
    <None Include="Shaders\grid.frag">
      <Filter>Resource Files\Shaders</Filter>
    </None>
    <None Include="Shaders\grid.vert">
      <Filter>Resource Files\Shaders</Filter>
    </None>
    <None Include="Shaders\gridticks.geom">
      <Filter>Resource Files\Shaders</Filter>
    </None>
    <None Include="Shaders\gridticks.frag">
      <Filter>Resource Files\Shaders</Filter>
    </None>
    <None Include="Shaders\gridlines.geom">
      <Filter>Resource Files\Shaders</Filter>
    </None>
    <None Include="Shaders\gridticks.vert">
      <Filter>Resource Files\Shaders</Filter>
    </None>
    <None Include="Shaders\gridlines.frag">
      <Filter>Resource Files\Shaders</Filter>
    </None>
    <None Include="Shaders\bezierPoint.frag">
      <Filter>Resource Files\Shaders</Filter>
    </None>
    <None Include="Shaders\bezierPoint.geom">
      <Filter>Resource Files\Shaders</Filter>
    </None>
    <None Include="Shaders\bezierPoint.vert">
      <Filter>Resource Files\Shaders</Filter>
    </None>
    <None Include="Shaders\controlpolygon.frag">
      <Filter>Resource Files\Shaders</Filter>
    </None>
    <None Include="Shaders\controlpolygon.vert">
      <Filter>Resource Files\Shaders</Filter>
    </None>
    <None Include="Shaders\frenet.frag">
      <Filter>Resource Files\Shaders</Filter>
    </None>
    <None Include="Shaders\frenet.geom">
      <Filter>Resource Files\Shaders</Filter>
    </None>
    <None Include="Shaders\frenet.vert">
      <Filter>Resource Files\Shaders</Filter>
    </None>
    <None Include="Shaders\patch.vert">
      <Filter>Resource Files\Shaders</Filter>
    </None>
    <None Include="Shaders\patch.frag">
      <Filter>Resource Files\Shaders</Filter>
    </None>
    <None Include="Shaders\cubicpatch.tesc">
      <Filter>Resource Files\Shaders</Filter>
    </None>
    <None Include="Shaders\cubicpatch.tese">
      <Filter>Resource Files\Shaders</Filter>
    </None>
    <None Include="Shaders\cubicpatch.vert">
      <Filter>Resource Files\Shaders</Filter>
    </None>
    <None Include="Shaders\phong.frag">
      <Filter>Resource Files\Shaders</Filter>
    </None>
    <None Include="Shaders\quadraticpatch.tesc">
      <Filter>Resource Files\Shaders</Filter>
    </None>
    <None Include="Shaders\quadraticpatch.tese">
      <Filter>Resource Files\Shaders</Filter>
    </None>
    <None Include="Shaders\quadraticpatch.vert">
      <Filter>Resource Files\Shaders</Filter>
    </None>
    <None Include="normal.geom">
      <Filter>Resource Files\Shaders</Filter>
    </None>
    <None Include="normal.vert">
      <Filter>Resource Files\Shaders</Filter>
    </None>
  </ItemGroup>
  <ItemGroup>
    <ClInclude Include="Shader.h">
      <Filter>Header Files</Filter>
    </ClInclude>
    <ClInclude Include="ResourceManager.h">
      <Filter>Header Files</Filter>
    </ClInclude>
    <ClInclude Include="Camera.h">
      <Filter>Header Files</Filter>
    </ClInclude>
    <ClInclude Include="CubicBezier.h">
      <Filter>Header Files</Filter>
    </ClInclude>
    <ClInclude Include="Grid3D.h">
      <Filter>Header Files</Filter>
    </ClInclude>
    <ClInclude Include="QuadraticBezier.h">
      <Filter>Header Files</Filter>
    </ClInclude>
    <ClInclude Include="Bezier.h">
      <Filter>Header Files</Filter>
    </ClInclude>
    <ClInclude Include="QuadraticBezierPatch.h">
      <Filter>Header Files</Filter>
    </ClInclude>
    <ClInclude Include="CubicBezierPatch.h">
      <Filter>Header Files</Filter>
    </ClInclude>
    <ClInclude Include="Light.h">
      <Filter>Header Files</Filter>
    </ClInclude>
    <ClInclude Include="Globals.h">
      <Filter>Header Files</Filter>
    </ClInclude>
  </ItemGroup>
</Project>