<?xml version="1.0" encoding="utf-8"?>
<Project ToolsVersion="16.0" xmlns="http://schemas.microsoft.com/developer/msbuild/2003">
  <ItemGroup>
    <CustomBuild Include="C:\Users\quind\source\repos\BezierCurve\BezierCurve\glfw-3.3.6\CMakeFiles\8264488a6f1b10ab52271a007b85b655\INSTALL_force.rule">
      <Filter>CMake Rules</Filter>
    </CustomBuild>
  </ItemGroup>
  <ItemGroup>
    <Filter Include="CMake Rules">
      <UniqueIdentifier>{70B51AFF-6DFC-30AF-A3F8-887F019FABB8}</UniqueIdentifier>
    </Filter>
  </ItemGroup>
</Project>
