<?xml version="1.0" encoding="utf-8"?>
<Project ToolsVersion="16.0" xmlns="http://schemas.microsoft.com/developer/msbuild/2003">
  <ItemGroup>
    <CustomBuild Include="C:\Users\quind\source\repos\BezierCurve\BezierCurve\glfw-3.3.6\CMakeFiles\8264488a6f1b10ab52271a007b85b655\update_mappings.rule">
      <Filter>CMake Rules</Filter>
    </CustomBuild>
    <CustomBuild Include="C:\Users\quind\source\repos\BezierCurve\BezierCurve\glfw-3.3.6\src\CMakeLists.txt" />
  </ItemGroup>
  <ItemGroup>
    <None Include="C:\Users\quind\source\repos\BezierCurve\BezierCurve\glfw-3.3.6\src\mappings.h.in">
      <Filter>Header Files</Filter>
    </None>
    <None Include="C:\Users\quind\source\repos\BezierCurve\BezierCurve\glfw-3.3.6\CMake\GenerateMappings.cmake" />
    <None Include="C:\Users\quind\source\repos\BezierCurve\BezierCurve\glfw-3.3.6\src\CMakeFiles\update_mappings" />
  </ItemGroup>
  <ItemGroup>
    <Filter Include="CMake Rules">
      <UniqueIdentifier>{70B51AFF-6DFC-30AF-A3F8-887F019FABB8}</UniqueIdentifier>
    </Filter>
    <Filter Include="Header Files">
      <UniqueIdentifier>{229B2E89-628A-32D9-B771-0391F95CDF53}</UniqueIdentifier>
    </Filter>
  </ItemGroup>
</Project>
