
Microsoft Visual Studio Solution File, Format Version 12.00
# Visual Studio Version 16
Project("{2150E333-8FDC-42A3-9474-1A3956D46DE8}") = "CMakePredefinedTargets", "CMakePredefinedTargets", "{8BE77F9C-7405-3EC1-955A-14D05581CCDF}"
EndProject
Project("{2150E333-8FDC-42A3-9474-1A3956D46DE8}") = "GLFW3", "GLFW3", "{7DF88F53-5085-3590-9E57-42354358DF20}"
EndProject
Project("{2150E333-8FDC-42A3-9474-1A3956D46DE8}") = "Examples", "GLFW3\Examples", "{066D6B3B-CE00-3768-9FDF-B5F86B2C9D02}"
EndProject
Project("{2150E333-8FDC-42A3-9474-1A3956D46DE8}") = "Tests", "GLFW3\Tests", "{1681D0DC-F66A-3F4E-8108-57093F8B2BF7}"
EndProject
Project("{8BC9CEB8-8B4A-11D0-8D11-00A0C91BC942}") = "ALL_BUILD", "ALL_BUILD.vcxproj", "{D29D6DD9-5C7C-37A0-8A32-3728FD0F2F9B}"
	ProjectSection(ProjectDependencies) = postProject
		{9A99F498-2AEA-32BA-9C23-14431FA573EE} = {9A99F498-2AEA-32BA-9C23-14431FA573EE}
		{38031DF4-94A9-3AE1-A404-DB7A1C2A142A} = {38031DF4-94A9-3AE1-A404-DB7A1C2A142A}
		{60BBEB5D-9770-35EF-9468-D932749BB269} = {60BBEB5D-9770-35EF-9468-D932749BB269}
		{5500A9D4-DDD4-3784-AB34-A946179C2DEB} = {5500A9D4-DDD4-3784-AB34-A946179C2DEB}
		{9931AA71-8BFA-3620-8203-7E580AC8ABF3} = {9931AA71-8BFA-3620-8203-7E580AC8ABF3}
		{63C79721-4EC9-3F15-B72B-D765C917CC9C} = {63C79721-4EC9-3F15-B72B-D765C917CC9C}
		{121A656C-5BC1-32E6-A6F6-FF7EEACE42F7} = {121A656C-5BC1-32E6-A6F6-FF7EEACE42F7}
		{93A1B500-8CC4-3232-94C6-1CDEF31164A8} = {93A1B500-8CC4-3232-94C6-1CDEF31164A8}
		{8AA2BD7A-9E8F-345F-8A60-D0C95910A46A} = {8AA2BD7A-9E8F-345F-8A60-D0C95910A46A}
		{C37694D4-5A00-3F69-8281-69FABFD3426B} = {C37694D4-5A00-3F69-8281-69FABFD3426B}
		{E5B72D4B-FD24-37DF-AAF2-0209B1A20B86} = {E5B72D4B-FD24-37DF-AAF2-0209B1A20B86}
		{9B8558F6-3A9B-3042-A3A9-7750F4EFD4E0} = {9B8558F6-3A9B-3042-A3A9-7750F4EFD4E0}
		{907F1DD8-289A-3F06-9CCA-BD58C8598CB4} = {907F1DD8-289A-3F06-9CCA-BD58C8598CB4}
		{5EBB134F-40C1-3FC0-957C-44C47A222122} = {5EBB134F-40C1-3FC0-957C-44C47A222122}
		{A6BEF31C-F717-3D31-9097-064C546DBF9D} = {A6BEF31C-F717-3D31-9097-064C546DBF9D}
		{B17E9BA3-F44E-387F-BD58-7E45E694A7E1} = {B17E9BA3-F44E-387F-BD58-7E45E694A7E1}
		{FEB30B44-7F11-3D7C-A249-CCDCAB2B151D} = {FEB30B44-7F11-3D7C-A249-CCDCAB2B151D}
		{7AD0F5F9-65FE-350B-81D3-21069F703148} = {7AD0F5F9-65FE-350B-81D3-21069F703148}
		{1FEFADA9-CF3B-3AA4-808F-659935CC8197} = {1FEFADA9-CF3B-3AA4-808F-659935CC8197}
		{BF4D11F0-1579-3F2D-AA26-901FFA56B5A9} = {BF4D11F0-1579-3F2D-AA26-901FFA56B5A9}
		{72DB844A-406F-30DE-B132-AA04A01ECE59} = {72DB844A-406F-30DE-B132-AA04A01ECE59}
		{3743EADD-61AD-38C7-B811-ECEA33D3BC7E} = {3743EADD-61AD-38C7-B811-ECEA33D3BC7E}
		{D0C81D3C-4667-3495-B529-63F88D4418CF} = {D0C81D3C-4667-3495-B529-63F88D4418CF}
		{78DD1FDD-E723-3B8A-B104-88A34D80D424} = {78DD1FDD-E723-3B8A-B104-88A34D80D424}
		{B5E2F989-F141-39C9-8363-61A7995E85AD} = {B5E2F989-F141-39C9-8363-61A7995E85AD}
		{EE8D6B57-6053-376F-B74C-2030083ED7BB} = {EE8D6B57-6053-376F-B74C-2030083ED7BB}
		{B73A982B-DA6A-3095-B213-E2CE8DFDA4B2} = {B73A982B-DA6A-3095-B213-E2CE8DFDA4B2}
		{8CB86D02-4A27-378F-9A12-8796D52AB31D} = {8CB86D02-4A27-378F-9A12-8796D52AB31D}
		{26DC705C-19C1-3559-A579-A1F18C61F472} = {26DC705C-19C1-3559-A579-A1F18C61F472}
		{6E181341-1733-3ACC-8296-15432DD44DF1} = {6E181341-1733-3ACC-8296-15432DD44DF1}
		{CDEA8FBC-131C-38BA-9C47-536D8D3BE719} = {CDEA8FBC-131C-38BA-9C47-536D8D3BE719}
	EndProjectSection
EndProject
Project("{8BC9CEB8-8B4A-11D0-8D11-00A0C91BC942}") = "INSTALL", "INSTALL.vcxproj", "{4153C1A0-4FF8-3394-BA83-0FC23D4D23ED}"
	ProjectSection(ProjectDependencies) = postProject
		{D29D6DD9-5C7C-37A0-8A32-3728FD0F2F9B} = {D29D6DD9-5C7C-37A0-8A32-3728FD0F2F9B}
		{9A99F498-2AEA-32BA-9C23-14431FA573EE} = {9A99F498-2AEA-32BA-9C23-14431FA573EE}
	EndProjectSection
EndProject
Project("{8BC9CEB8-8B4A-11D0-8D11-00A0C91BC942}") = "ZERO_CHECK", "ZERO_CHECK.vcxproj", "{9A99F498-2AEA-32BA-9C23-14431FA573EE}"
	ProjectSection(ProjectDependencies) = postProject
	EndProjectSection
EndProject
Project("{8BC9CEB8-8B4A-11D0-8D11-00A0C91BC942}") = "boing", "examples\boing.vcxproj", "{38031DF4-94A9-3AE1-A404-DB7A1C2A142A}"
	ProjectSection(ProjectDependencies) = postProject
		{9A99F498-2AEA-32BA-9C23-14431FA573EE} = {9A99F498-2AEA-32BA-9C23-14431FA573EE}
		{8AA2BD7A-9E8F-345F-8A60-D0C95910A46A} = {8AA2BD7A-9E8F-345F-8A60-D0C95910A46A}
	EndProjectSection
EndProject
Project("{8BC9CEB8-8B4A-11D0-8D11-00A0C91BC942}") = "clipboard", "tests\clipboard.vcxproj", "{60BBEB5D-9770-35EF-9468-D932749BB269}"
	ProjectSection(ProjectDependencies) = postProject
		{9A99F498-2AEA-32BA-9C23-14431FA573EE} = {9A99F498-2AEA-32BA-9C23-14431FA573EE}
		{8AA2BD7A-9E8F-345F-8A60-D0C95910A46A} = {8AA2BD7A-9E8F-345F-8A60-D0C95910A46A}
	EndProjectSection
EndProject
Project("{8BC9CEB8-8B4A-11D0-8D11-00A0C91BC942}") = "cursor", "tests\cursor.vcxproj", "{5500A9D4-DDD4-3784-AB34-A946179C2DEB}"
	ProjectSection(ProjectDependencies) = postProject
		{9A99F498-2AEA-32BA-9C23-14431FA573EE} = {9A99F498-2AEA-32BA-9C23-14431FA573EE}
		{8AA2BD7A-9E8F-345F-8A60-D0C95910A46A} = {8AA2BD7A-9E8F-345F-8A60-D0C95910A46A}
	EndProjectSection
EndProject
Project("{8BC9CEB8-8B4A-11D0-8D11-00A0C91BC942}") = "empty", "tests\empty.vcxproj", "{9931AA71-8BFA-3620-8203-7E580AC8ABF3}"
	ProjectSection(ProjectDependencies) = postProject
		{9A99F498-2AEA-32BA-9C23-14431FA573EE} = {9A99F498-2AEA-32BA-9C23-14431FA573EE}
		{8AA2BD7A-9E8F-345F-8A60-D0C95910A46A} = {8AA2BD7A-9E8F-345F-8A60-D0C95910A46A}
	EndProjectSection
EndProject
Project("{8BC9CEB8-8B4A-11D0-8D11-00A0C91BC942}") = "events", "tests\events.vcxproj", "{63C79721-4EC9-3F15-B72B-D765C917CC9C}"
	ProjectSection(ProjectDependencies) = postProject
		{9A99F498-2AEA-32BA-9C23-14431FA573EE} = {9A99F498-2AEA-32BA-9C23-14431FA573EE}
		{8AA2BD7A-9E8F-345F-8A60-D0C95910A46A} = {8AA2BD7A-9E8F-345F-8A60-D0C95910A46A}
	EndProjectSection
EndProject
Project("{8BC9CEB8-8B4A-11D0-8D11-00A0C91BC942}") = "gamma", "tests\gamma.vcxproj", "{121A656C-5BC1-32E6-A6F6-FF7EEACE42F7}"
	ProjectSection(ProjectDependencies) = postProject
		{9A99F498-2AEA-32BA-9C23-14431FA573EE} = {9A99F498-2AEA-32BA-9C23-14431FA573EE}
		{8AA2BD7A-9E8F-345F-8A60-D0C95910A46A} = {8AA2BD7A-9E8F-345F-8A60-D0C95910A46A}
	EndProjectSection
EndProject
Project("{8BC9CEB8-8B4A-11D0-8D11-00A0C91BC942}") = "gears", "examples\gears.vcxproj", "{93A1B500-8CC4-3232-94C6-1CDEF31164A8}"
	ProjectSection(ProjectDependencies) = postProject
		{9A99F498-2AEA-32BA-9C23-14431FA573EE} = {9A99F498-2AEA-32BA-9C23-14431FA573EE}
		{8AA2BD7A-9E8F-345F-8A60-D0C95910A46A} = {8AA2BD7A-9E8F-345F-8A60-D0C95910A46A}
	EndProjectSection
EndProject
Project("{8BC9CEB8-8B4A-11D0-8D11-00A0C91BC942}") = "glfw", "src\glfw.vcxproj", "{8AA2BD7A-9E8F-345F-8A60-D0C95910A46A}"
	ProjectSection(ProjectDependencies) = postProject
		{9A99F498-2AEA-32BA-9C23-14431FA573EE} = {9A99F498-2AEA-32BA-9C23-14431FA573EE}
	EndProjectSection
EndProject
Project("{8BC9CEB8-8B4A-11D0-8D11-00A0C91BC942}") = "glfwinfo", "tests\glfwinfo.vcxproj", "{C37694D4-5A00-3F69-8281-69FABFD3426B}"
	ProjectSection(ProjectDependencies) = postProject
		{9A99F498-2AEA-32BA-9C23-14431FA573EE} = {9A99F498-2AEA-32BA-9C23-14431FA573EE}
		{8AA2BD7A-9E8F-345F-8A60-D0C95910A46A} = {8AA2BD7A-9E8F-345F-8A60-D0C95910A46A}
	EndProjectSection
EndProject
Project("{8BC9CEB8-8B4A-11D0-8D11-00A0C91BC942}") = "heightmap", "examples\heightmap.vcxproj", "{E5B72D4B-FD24-37DF-AAF2-0209B1A20B86}"
	ProjectSection(ProjectDependencies) = postProject
		{9A99F498-2AEA-32BA-9C23-14431FA573EE} = {9A99F498-2AEA-32BA-9C23-14431FA573EE}
		{8AA2BD7A-9E8F-345F-8A60-D0C95910A46A} = {8AA2BD7A-9E8F-345F-8A60-D0C95910A46A}
	EndProjectSection
EndProject
Project("{8BC9CEB8-8B4A-11D0-8D11-00A0C91BC942}") = "icon", "tests\icon.vcxproj", "{9B8558F6-3A9B-3042-A3A9-7750F4EFD4E0}"
	ProjectSection(ProjectDependencies) = postProject
		{9A99F498-2AEA-32BA-9C23-14431FA573EE} = {9A99F498-2AEA-32BA-9C23-14431FA573EE}
		{8AA2BD7A-9E8F-345F-8A60-D0C95910A46A} = {8AA2BD7A-9E8F-345F-8A60-D0C95910A46A}
	EndProjectSection
EndProject
Project("{8BC9CEB8-8B4A-11D0-8D11-00A0C91BC942}") = "iconify", "tests\iconify.vcxproj", "{907F1DD8-289A-3F06-9CCA-BD58C8598CB4}"
	ProjectSection(ProjectDependencies) = postProject
		{9A99F498-2AEA-32BA-9C23-14431FA573EE} = {9A99F498-2AEA-32BA-9C23-14431FA573EE}
		{8AA2BD7A-9E8F-345F-8A60-D0C95910A46A} = {8AA2BD7A-9E8F-345F-8A60-D0C95910A46A}
	EndProjectSection
EndProject
Project("{8BC9CEB8-8B4A-11D0-8D11-00A0C91BC942}") = "inputlag", "tests\inputlag.vcxproj", "{5EBB134F-40C1-3FC0-957C-44C47A222122}"
	ProjectSection(ProjectDependencies) = postProject
		{9A99F498-2AEA-32BA-9C23-14431FA573EE} = {9A99F498-2AEA-32BA-9C23-14431FA573EE}
		{8AA2BD7A-9E8F-345F-8A60-D0C95910A46A} = {8AA2BD7A-9E8F-345F-8A60-D0C95910A46A}
	EndProjectSection
EndProject
Project("{8BC9CEB8-8B4A-11D0-8D11-00A0C91BC942}") = "joysticks", "tests\joysticks.vcxproj", "{A6BEF31C-F717-3D31-9097-064C546DBF9D}"
	ProjectSection(ProjectDependencies) = postProject
		{9A99F498-2AEA-32BA-9C23-14431FA573EE} = {9A99F498-2AEA-32BA-9C23-14431FA573EE}
		{8AA2BD7A-9E8F-345F-8A60-D0C95910A46A} = {8AA2BD7A-9E8F-345F-8A60-D0C95910A46A}
	EndProjectSection
EndProject
Project("{8BC9CEB8-8B4A-11D0-8D11-00A0C91BC942}") = "monitors", "tests\monitors.vcxproj", "{B17E9BA3-F44E-387F-BD58-7E45E694A7E1}"
	ProjectSection(ProjectDependencies) = postProject
		{9A99F498-2AEA-32BA-9C23-14431FA573EE} = {9A99F498-2AEA-32BA-9C23-14431FA573EE}
		{8AA2BD7A-9E8F-345F-8A60-D0C95910A46A} = {8AA2BD7A-9E8F-345F-8A60-D0C95910A46A}
	EndProjectSection
EndProject
Project("{8BC9CEB8-8B4A-11D0-8D11-00A0C91BC942}") = "msaa", "tests\msaa.vcxproj", "{FEB30B44-7F11-3D7C-A249-CCDCAB2B151D}"
	ProjectSection(ProjectDependencies) = postProject
		{9A99F498-2AEA-32BA-9C23-14431FA573EE} = {9A99F498-2AEA-32BA-9C23-14431FA573EE}
		{8AA2BD7A-9E8F-345F-8A60-D0C95910A46A} = {8AA2BD7A-9E8F-345F-8A60-D0C95910A46A}
	EndProjectSection
EndProject
Project("{8BC9CEB8-8B4A-11D0-8D11-00A0C91BC942}") = "offscreen", "examples\offscreen.vcxproj", "{7AD0F5F9-65FE-350B-81D3-21069F703148}"
	ProjectSection(ProjectDependencies) = postProject
		{9A99F498-2AEA-32BA-9C23-14431FA573EE} = {9A99F498-2AEA-32BA-9C23-14431FA573EE}
		{8AA2BD7A-9E8F-345F-8A60-D0C95910A46A} = {8AA2BD7A-9E8F-345F-8A60-D0C95910A46A}
	EndProjectSection
EndProject
Project("{8BC9CEB8-8B4A-11D0-8D11-00A0C91BC942}") = "opacity", "tests\opacity.vcxproj", "{1FEFADA9-CF3B-3AA4-808F-659935CC8197}"
	ProjectSection(ProjectDependencies) = postProject
		{9A99F498-2AEA-32BA-9C23-14431FA573EE} = {9A99F498-2AEA-32BA-9C23-14431FA573EE}
		{8AA2BD7A-9E8F-345F-8A60-D0C95910A46A} = {8AA2BD7A-9E8F-345F-8A60-D0C95910A46A}
	EndProjectSection
EndProject
Project("{8BC9CEB8-8B4A-11D0-8D11-00A0C91BC942}") = "particles", "examples\particles.vcxproj", "{BF4D11F0-1579-3F2D-AA26-901FFA56B5A9}"
	ProjectSection(ProjectDependencies) = postProject
		{9A99F498-2AEA-32BA-9C23-14431FA573EE} = {9A99F498-2AEA-32BA-9C23-14431FA573EE}
		{8AA2BD7A-9E8F-345F-8A60-D0C95910A46A} = {8AA2BD7A-9E8F-345F-8A60-D0C95910A46A}
	EndProjectSection
EndProject
Project("{8BC9CEB8-8B4A-11D0-8D11-00A0C91BC942}") = "reopen", "tests\reopen.vcxproj", "{72DB844A-406F-30DE-B132-AA04A01ECE59}"
	ProjectSection(ProjectDependencies) = postProject
		{9A99F498-2AEA-32BA-9C23-14431FA573EE} = {9A99F498-2AEA-32BA-9C23-14431FA573EE}
		{8AA2BD7A-9E8F-345F-8A60-D0C95910A46A} = {8AA2BD7A-9E8F-345F-8A60-D0C95910A46A}
	EndProjectSection
EndProject
Project("{8BC9CEB8-8B4A-11D0-8D11-00A0C91BC942}") = "sharing", "examples\sharing.vcxproj", "{3743EADD-61AD-38C7-B811-ECEA33D3BC7E}"
	ProjectSection(ProjectDependencies) = postProject
		{9A99F498-2AEA-32BA-9C23-14431FA573EE} = {9A99F498-2AEA-32BA-9C23-14431FA573EE}
		{8AA2BD7A-9E8F-345F-8A60-D0C95910A46A} = {8AA2BD7A-9E8F-345F-8A60-D0C95910A46A}
	EndProjectSection
EndProject
Project("{8BC9CEB8-8B4A-11D0-8D11-00A0C91BC942}") = "simple", "examples\simple.vcxproj", "{D0C81D3C-4667-3495-B529-63F88D4418CF}"
	ProjectSection(ProjectDependencies) = postProject
		{9A99F498-2AEA-32BA-9C23-14431FA573EE} = {9A99F498-2AEA-32BA-9C23-14431FA573EE}
		{8AA2BD7A-9E8F-345F-8A60-D0C95910A46A} = {8AA2BD7A-9E8F-345F-8A60-D0C95910A46A}
	EndProjectSection
EndProject
Project("{8BC9CEB8-8B4A-11D0-8D11-00A0C91BC942}") = "splitview", "examples\splitview.vcxproj", "{78DD1FDD-E723-3B8A-B104-88A34D80D424}"
	ProjectSection(ProjectDependencies) = postProject
		{9A99F498-2AEA-32BA-9C23-14431FA573EE} = {9A99F498-2AEA-32BA-9C23-14431FA573EE}
		{8AA2BD7A-9E8F-345F-8A60-D0C95910A46A} = {8AA2BD7A-9E8F-345F-8A60-D0C95910A46A}
	EndProjectSection
EndProject
Project("{8BC9CEB8-8B4A-11D0-8D11-00A0C91BC942}") = "tearing", "tests\tearing.vcxproj", "{B5E2F989-F141-39C9-8363-61A7995E85AD}"
	ProjectSection(ProjectDependencies) = postProject
		{9A99F498-2AEA-32BA-9C23-14431FA573EE} = {9A99F498-2AEA-32BA-9C23-14431FA573EE}
		{8AA2BD7A-9E8F-345F-8A60-D0C95910A46A} = {8AA2BD7A-9E8F-345F-8A60-D0C95910A46A}
	EndProjectSection
EndProject
Project("{8BC9CEB8-8B4A-11D0-8D11-00A0C91BC942}") = "threads", "tests\threads.vcxproj", "{EE8D6B57-6053-376F-B74C-2030083ED7BB}"
	ProjectSection(ProjectDependencies) = postProject
		{9A99F498-2AEA-32BA-9C23-14431FA573EE} = {9A99F498-2AEA-32BA-9C23-14431FA573EE}
		{8AA2BD7A-9E8F-345F-8A60-D0C95910A46A} = {8AA2BD7A-9E8F-345F-8A60-D0C95910A46A}
	EndProjectSection
EndProject
Project("{8BC9CEB8-8B4A-11D0-8D11-00A0C91BC942}") = "timeout", "tests\timeout.vcxproj", "{B73A982B-DA6A-3095-B213-E2CE8DFDA4B2}"
	ProjectSection(ProjectDependencies) = postProject
		{9A99F498-2AEA-32BA-9C23-14431FA573EE} = {9A99F498-2AEA-32BA-9C23-14431FA573EE}
		{8AA2BD7A-9E8F-345F-8A60-D0C95910A46A} = {8AA2BD7A-9E8F-345F-8A60-D0C95910A46A}
	EndProjectSection
EndProject
Project("{8BC9CEB8-8B4A-11D0-8D11-00A0C91BC942}") = "title", "tests\title.vcxproj", "{8CB86D02-4A27-378F-9A12-8796D52AB31D}"
	ProjectSection(ProjectDependencies) = postProject
		{9A99F498-2AEA-32BA-9C23-14431FA573EE} = {9A99F498-2AEA-32BA-9C23-14431FA573EE}
		{8AA2BD7A-9E8F-345F-8A60-D0C95910A46A} = {8AA2BD7A-9E8F-345F-8A60-D0C95910A46A}
	EndProjectSection
EndProject
Project("{8BC9CEB8-8B4A-11D0-8D11-00A0C91BC942}") = "triangle-vulkan", "tests\triangle-vulkan.vcxproj", "{26DC705C-19C1-3559-A579-A1F18C61F472}"
	ProjectSection(ProjectDependencies) = postProject
		{9A99F498-2AEA-32BA-9C23-14431FA573EE} = {9A99F498-2AEA-32BA-9C23-14431FA573EE}
		{8AA2BD7A-9E8F-345F-8A60-D0C95910A46A} = {8AA2BD7A-9E8F-345F-8A60-D0C95910A46A}
	EndProjectSection
EndProject
Project("{8BC9CEB8-8B4A-11D0-8D11-00A0C91BC942}") = "uninstall", "uninstall.vcxproj", "{046B0EF3-E6C0-3687-9F9A-BB45B8A7527E}"
	ProjectSection(ProjectDependencies) = postProject
		{9A99F498-2AEA-32BA-9C23-14431FA573EE} = {9A99F498-2AEA-32BA-9C23-14431FA573EE}
	EndProjectSection
EndProject
Project("{8BC9CEB8-8B4A-11D0-8D11-00A0C91BC942}") = "update_mappings", "src\update_mappings.vcxproj", "{25B339CF-0B92-3882-8865-A9E45CEB180B}"
	ProjectSection(ProjectDependencies) = postProject
		{9A99F498-2AEA-32BA-9C23-14431FA573EE} = {9A99F498-2AEA-32BA-9C23-14431FA573EE}
	EndProjectSection
EndProject
Project("{8BC9CEB8-8B4A-11D0-8D11-00A0C91BC942}") = "wave", "examples\wave.vcxproj", "{6E181341-1733-3ACC-8296-15432DD44DF1}"
	ProjectSection(ProjectDependencies) = postProject
		{9A99F498-2AEA-32BA-9C23-14431FA573EE} = {9A99F498-2AEA-32BA-9C23-14431FA573EE}
		{8AA2BD7A-9E8F-345F-8A60-D0C95910A46A} = {8AA2BD7A-9E8F-345F-8A60-D0C95910A46A}
	EndProjectSection
EndProject
Project("{8BC9CEB8-8B4A-11D0-8D11-00A0C91BC942}") = "windows", "tests\windows.vcxproj", "{CDEA8FBC-131C-38BA-9C47-536D8D3BE719}"
	ProjectSection(ProjectDependencies) = postProject
		{9A99F498-2AEA-32BA-9C23-14431FA573EE} = {9A99F498-2AEA-32BA-9C23-14431FA573EE}
		{8AA2BD7A-9E8F-345F-8A60-D0C95910A46A} = {8AA2BD7A-9E8F-345F-8A60-D0C95910A46A}
	EndProjectSection
EndProject
Global
	GlobalSection(SolutionConfigurationPlatforms) = preSolution
		Debug|x64 = Debug|x64
		Release|x64 = Release|x64
		MinSizeRel|x64 = MinSizeRel|x64
		RelWithDebInfo|x64 = RelWithDebInfo|x64
	EndGlobalSection
	GlobalSection(ProjectConfigurationPlatforms) = postSolution
		{D29D6DD9-5C7C-37A0-8A32-3728FD0F2F9B}.Debug|x64.ActiveCfg = Debug|x64
		{D29D6DD9-5C7C-37A0-8A32-3728FD0F2F9B}.Debug|x64.Build.0 = Debug|x64
		{D29D6DD9-5C7C-37A0-8A32-3728FD0F2F9B}.Release|x64.ActiveCfg = Release|x64
		{D29D6DD9-5C7C-37A0-8A32-3728FD0F2F9B}.Release|x64.Build.0 = Release|x64
		{D29D6DD9-5C7C-37A0-8A32-3728FD0F2F9B}.MinSizeRel|x64.ActiveCfg = MinSizeRel|x64
		{D29D6DD9-5C7C-37A0-8A32-3728FD0F2F9B}.MinSizeRel|x64.Build.0 = MinSizeRel|x64
		{D29D6DD9-5C7C-37A0-8A32-3728FD0F2F9B}.RelWithDebInfo|x64.ActiveCfg = RelWithDebInfo|x64
		{D29D6DD9-5C7C-37A0-8A32-3728FD0F2F9B}.RelWithDebInfo|x64.Build.0 = RelWithDebInfo|x64
		{4153C1A0-4FF8-3394-BA83-0FC23D4D23ED}.Debug|x64.ActiveCfg = Debug|x64
		{4153C1A0-4FF8-3394-BA83-0FC23D4D23ED}.Release|x64.ActiveCfg = Release|x64
		{4153C1A0-4FF8-3394-BA83-0FC23D4D23ED}.MinSizeRel|x64.ActiveCfg = MinSizeRel|x64
		{4153C1A0-4FF8-3394-BA83-0FC23D4D23ED}.RelWithDebInfo|x64.ActiveCfg = RelWithDebInfo|x64
		{9A99F498-2AEA-32BA-9C23-14431FA573EE}.Debug|x64.ActiveCfg = Debug|x64
		{9A99F498-2AEA-32BA-9C23-14431FA573EE}.Debug|x64.Build.0 = Debug|x64
		{9A99F498-2AEA-32BA-9C23-14431FA573EE}.Release|x64.ActiveCfg = Release|x64
		{9A99F498-2AEA-32BA-9C23-14431FA573EE}.Release|x64.Build.0 = Release|x64
		{9A99F498-2AEA-32BA-9C23-14431FA573EE}.MinSizeRel|x64.ActiveCfg = MinSizeRel|x64
		{9A99F498-2AEA-32BA-9C23-14431FA573EE}.MinSizeRel|x64.Build.0 = MinSizeRel|x64
		{9A99F498-2AEA-32BA-9C23-14431FA573EE}.RelWithDebInfo|x64.ActiveCfg = RelWithDebInfo|x64
		{9A99F498-2AEA-32BA-9C23-14431FA573EE}.RelWithDebInfo|x64.Build.0 = RelWithDebInfo|x64
		{38031DF4-94A9-3AE1-A404-DB7A1C2A142A}.Debug|x64.ActiveCfg = Debug|x64
		{38031DF4-94A9-3AE1-A404-DB7A1C2A142A}.Debug|x64.Build.0 = Debug|x64
		{38031DF4-94A9-3AE1-A404-DB7A1C2A142A}.Release|x64.ActiveCfg = Release|x64
		{38031DF4-94A9-3AE1-A404-DB7A1C2A142A}.Release|x64.Build.0 = Release|x64
		{38031DF4-94A9-3AE1-A404-DB7A1C2A142A}.MinSizeRel|x64.ActiveCfg = MinSizeRel|x64
		{38031DF4-94A9-3AE1-A404-DB7A1C2A142A}.MinSizeRel|x64.Build.0 = MinSizeRel|x64
		{38031DF4-94A9-3AE1-A404-DB7A1C2A142A}.RelWithDebInfo|x64.ActiveCfg = RelWithDebInfo|x64
		{38031DF4-94A9-3AE1-A404-DB7A1C2A142A}.RelWithDebInfo|x64.Build.0 = RelWithDebInfo|x64
		{60BBEB5D-9770-35EF-9468-D932749BB269}.Debug|x64.ActiveCfg = Debug|x64
		{60BBEB5D-9770-35EF-9468-D932749BB269}.Debug|x64.Build.0 = Debug|x64
		{60BBEB5D-9770-35EF-9468-D932749BB269}.Release|x64.ActiveCfg = Release|x64
		{60BBEB5D-9770-35EF-9468-D932749BB269}.Release|x64.Build.0 = Release|x64
		{60BBEB5D-9770-35EF-9468-D932749BB269}.MinSizeRel|x64.ActiveCfg = MinSizeRel|x64
		{60BBEB5D-9770-35EF-9468-D932749BB269}.MinSizeRel|x64.Build.0 = MinSizeRel|x64
		{60BBEB5D-9770-35EF-9468-D932749BB269}.RelWithDebInfo|x64.ActiveCfg = RelWithDebInfo|x64
		{60BBEB5D-9770-35EF-9468-D932749BB269}.RelWithDebInfo|x64.Build.0 = RelWithDebInfo|x64
		{5500A9D4-DDD4-3784-AB34-A946179C2DEB}.Debug|x64.ActiveCfg = Debug|x64
		{5500A9D4-DDD4-3784-AB34-A946179C2DEB}.Debug|x64.Build.0 = Debug|x64
		{5500A9D4-DDD4-3784-AB34-A946179C2DEB}.Release|x64.ActiveCfg = Release|x64
		{5500A9D4-DDD4-3784-AB34-A946179C2DEB}.Release|x64.Build.0 = Release|x64
		{5500A9D4-DDD4-3784-AB34-A946179C2DEB}.MinSizeRel|x64.ActiveCfg = MinSizeRel|x64
		{5500A9D4-DDD4-3784-AB34-A946179C2DEB}.MinSizeRel|x64.Build.0 = MinSizeRel|x64
		{5500A9D4-DDD4-3784-AB34-A946179C2DEB}.RelWithDebInfo|x64.ActiveCfg = RelWithDebInfo|x64
		{5500A9D4-DDD4-3784-AB34-A946179C2DEB}.RelWithDebInfo|x64.Build.0 = RelWithDebInfo|x64
		{9931AA71-8BFA-3620-8203-7E580AC8ABF3}.Debug|x64.ActiveCfg = Debug|x64
		{9931AA71-8BFA-3620-8203-7E580AC8ABF3}.Debug|x64.Build.0 = Debug|x64
		{9931AA71-8BFA-3620-8203-7E580AC8ABF3}.Release|x64.ActiveCfg = Release|x64
		{9931AA71-8BFA-3620-8203-7E580AC8ABF3}.Release|x64.Build.0 = Release|x64
		{9931AA71-8BFA-3620-8203-7E580AC8ABF3}.MinSizeRel|x64.ActiveCfg = MinSizeRel|x64
		{9931AA71-8BFA-3620-8203-7E580AC8ABF3}.MinSizeRel|x64.Build.0 = MinSizeRel|x64
		{9931AA71-8BFA-3620-8203-7E580AC8ABF3}.RelWithDebInfo|x64.ActiveCfg = RelWithDebInfo|x64
		{9931AA71-8BFA-3620-8203-7E580AC8ABF3}.RelWithDebInfo|x64.Build.0 = RelWithDebInfo|x64
		{63C79721-4EC9-3F15-B72B-D765C917CC9C}.Debug|x64.ActiveCfg = Debug|x64
		{63C79721-4EC9-3F15-B72B-D765C917CC9C}.Debug|x64.Build.0 = Debug|x64
		{63C79721-4EC9-3F15-B72B-D765C917CC9C}.Release|x64.ActiveCfg = Release|x64
		{63C79721-4EC9-3F15-B72B-D765C917CC9C}.Release|x64.Build.0 = Release|x64
		{63C79721-4EC9-3F15-B72B-D765C917CC9C}.MinSizeRel|x64.ActiveCfg = MinSizeRel|x64
		{63C79721-4EC9-3F15-B72B-D765C917CC9C}.MinSizeRel|x64.Build.0 = MinSizeRel|x64
		{63C79721-4EC9-3F15-B72B-D765C917CC9C}.RelWithDebInfo|x64.ActiveCfg = RelWithDebInfo|x64
		{63C79721-4EC9-3F15-B72B-D765C917CC9C}.RelWithDebInfo|x64.Build.0 = RelWithDebInfo|x64
		{121A656C-5BC1-32E6-A6F6-FF7EEACE42F7}.Debug|x64.ActiveCfg = Debug|x64
		{121A656C-5BC1-32E6-A6F6-FF7EEACE42F7}.Debug|x64.Build.0 = Debug|x64
		{121A656C-5BC1-32E6-A6F6-FF7EEACE42F7}.Release|x64.ActiveCfg = Release|x64
		{121A656C-5BC1-32E6-A6F6-FF7EEACE42F7}.Release|x64.Build.0 = Release|x64
		{121A656C-5BC1-32E6-A6F6-FF7EEACE42F7}.MinSizeRel|x64.ActiveCfg = MinSizeRel|x64
		{121A656C-5BC1-32E6-A6F6-FF7EEACE42F7}.MinSizeRel|x64.Build.0 = MinSizeRel|x64
		{121A656C-5BC1-32E6-A6F6-FF7EEACE42F7}.RelWithDebInfo|x64.ActiveCfg = RelWithDebInfo|x64
		{121A656C-5BC1-32E6-A6F6-FF7EEACE42F7}.RelWithDebInfo|x64.Build.0 = RelWithDebInfo|x64
		{93A1B500-8CC4-3232-94C6-1CDEF31164A8}.Debug|x64.ActiveCfg = Debug|x64
		{93A1B500-8CC4-3232-94C6-1CDEF31164A8}.Debug|x64.Build.0 = Debug|x64
		{93A1B500-8CC4-3232-94C6-1CDEF31164A8}.Release|x64.ActiveCfg = Release|x64
		{93A1B500-8CC4-3232-94C6-1CDEF31164A8}.Release|x64.Build.0 = Release|x64
		{93A1B500-8CC4-3232-94C6-1CDEF31164A8}.MinSizeRel|x64.ActiveCfg = MinSizeRel|x64
		{93A1B500-8CC4-3232-94C6-1CDEF31164A8}.MinSizeRel|x64.Build.0 = MinSizeRel|x64
		{93A1B500-8CC4-3232-94C6-1CDEF31164A8}.RelWithDebInfo|x64.ActiveCfg = RelWithDebInfo|x64
		{93A1B500-8CC4-3232-94C6-1CDEF31164A8}.RelWithDebInfo|x64.Build.0 = RelWithDebInfo|x64
		{8AA2BD7A-9E8F-345F-8A60-D0C95910A46A}.Debug|x64.ActiveCfg = Debug|x64
		{8AA2BD7A-9E8F-345F-8A60-D0C95910A46A}.Debug|x64.Build.0 = Debug|x64
		{8AA2BD7A-9E8F-345F-8A60-D0C95910A46A}.Release|x64.ActiveCfg = Release|x64
		{8AA2BD7A-9E8F-345F-8A60-D0C95910A46A}.Release|x64.Build.0 = Release|x64
		{8AA2BD7A-9E8F-345F-8A60-D0C95910A46A}.MinSizeRel|x64.ActiveCfg = MinSizeRel|x64
		{8AA2BD7A-9E8F-345F-8A60-D0C95910A46A}.MinSizeRel|x64.Build.0 = MinSizeRel|x64
		{8AA2BD7A-9E8F-345F-8A60-D0C95910A46A}.RelWithDebInfo|x64.ActiveCfg = RelWithDebInfo|x64
		{8AA2BD7A-9E8F-345F-8A60-D0C95910A46A}.RelWithDebInfo|x64.Build.0 = RelWithDebInfo|x64
		{C37694D4-5A00-3F69-8281-69FABFD3426B}.Debug|x64.ActiveCfg = Debug|x64
		{C37694D4-5A00-3F69-8281-69FABFD3426B}.Debug|x64.Build.0 = Debug|x64
		{C37694D4-5A00-3F69-8281-69FABFD3426B}.Release|x64.ActiveCfg = Release|x64
		{C37694D4-5A00-3F69-8281-69FABFD3426B}.Release|x64.Build.0 = Release|x64
		{C37694D4-5A00-3F69-8281-69FABFD3426B}.MinSizeRel|x64.ActiveCfg = MinSizeRel|x64
		{C37694D4-5A00-3F69-8281-69FABFD3426B}.MinSizeRel|x64.Build.0 = MinSizeRel|x64
		{C37694D4-5A00-3F69-8281-69FABFD3426B}.RelWithDebInfo|x64.ActiveCfg = RelWithDebInfo|x64
		{C37694D4-5A00-3F69-8281-69FABFD3426B}.RelWithDebInfo|x64.Build.0 = RelWithDebInfo|x64
		{E5B72D4B-FD24-37DF-AAF2-0209B1A20B86}.Debug|x64.ActiveCfg = Debug|x64
		{E5B72D4B-FD24-37DF-AAF2-0209B1A20B86}.Debug|x64.Build.0 = Debug|x64
		{E5B72D4B-FD24-37DF-AAF2-0209B1A20B86}.Release|x64.ActiveCfg = Release|x64
		{E5B72D4B-FD24-37DF-AAF2-0209B1A20B86}.Release|x64.Build.0 = Release|x64
		{E5B72D4B-FD24-37DF-AAF2-0209B1A20B86}.MinSizeRel|x64.ActiveCfg = MinSizeRel|x64
		{E5B72D4B-FD24-37DF-AAF2-0209B1A20B86}.MinSizeRel|x64.Build.0 = MinSizeRel|x64
		{E5B72D4B-FD24-37DF-AAF2-0209B1A20B86}.RelWithDebInfo|x64.ActiveCfg = RelWithDebInfo|x64
		{E5B72D4B-FD24-37DF-AAF2-0209B1A20B86}.RelWithDebInfo|x64.Build.0 = RelWithDebInfo|x64
		{9B8558F6-3A9B-3042-A3A9-7750F4EFD4E0}.Debug|x64.ActiveCfg = Debug|x64
		{9B8558F6-3A9B-3042-A3A9-7750F4EFD4E0}.Debug|x64.Build.0 = Debug|x64
		{9B8558F6-3A9B-3042-A3A9-7750F4EFD4E0}.Release|x64.ActiveCfg = Release|x64
		{9B8558F6-3A9B-3042-A3A9-7750F4EFD4E0}.Release|x64.Build.0 = Release|x64
		{9B8558F6-3A9B-3042-A3A9-7750F4EFD4E0}.MinSizeRel|x64.ActiveCfg = MinSizeRel|x64
		{9B8558F6-3A9B-3042-A3A9-7750F4EFD4E0}.MinSizeRel|x64.Build.0 = MinSizeRel|x64
		{9B8558F6-3A9B-3042-A3A9-7750F4EFD4E0}.RelWithDebInfo|x64.ActiveCfg = RelWithDebInfo|x64
		{9B8558F6-3A9B-3042-A3A9-7750F4EFD4E0}.RelWithDebInfo|x64.Build.0 = RelWithDebInfo|x64
		{907F1DD8-289A-3F06-9CCA-BD58C8598CB4}.Debug|x64.ActiveCfg = Debug|x64
		{907F1DD8-289A-3F06-9CCA-BD58C8598CB4}.Debug|x64.Build.0 = Debug|x64
		{907F1DD8-289A-3F06-9CCA-BD58C8598CB4}.Release|x64.ActiveCfg = Release|x64
		{907F1DD8-289A-3F06-9CCA-BD58C8598CB4}.Release|x64.Build.0 = Release|x64
		{907F1DD8-289A-3F06-9CCA-BD58C8598CB4}.MinSizeRel|x64.ActiveCfg = MinSizeRel|x64
		{907F1DD8-289A-3F06-9CCA-BD58C8598CB4}.MinSizeRel|x64.Build.0 = MinSizeRel|x64
		{907F1DD8-289A-3F06-9CCA-BD58C8598CB4}.RelWithDebInfo|x64.ActiveCfg = RelWithDebInfo|x64
		{907F1DD8-289A-3F06-9CCA-BD58C8598CB4}.RelWithDebInfo|x64.Build.0 = RelWithDebInfo|x64
		{5EBB134F-40C1-3FC0-957C-44C47A222122}.Debug|x64.ActiveCfg = Debug|x64
		{5EBB134F-40C1-3FC0-957C-44C47A222122}.Debug|x64.Build.0 = Debug|x64
		{5EBB134F-40C1-3FC0-957C-44C47A222122}.Release|x64.ActiveCfg = Release|x64
		{5EBB134F-40C1-3FC0-957C-44C47A222122}.Release|x64.Build.0 = Release|x64
		{5EBB134F-40C1-3FC0-957C-44C47A222122}.MinSizeRel|x64.ActiveCfg = MinSizeRel|x64
		{5EBB134F-40C1-3FC0-957C-44C47A222122}.MinSizeRel|x64.Build.0 = MinSizeRel|x64
		{5EBB134F-40C1-3FC0-957C-44C47A222122}.RelWithDebInfo|x64.ActiveCfg = RelWithDebInfo|x64
		{5EBB134F-40C1-3FC0-957C-44C47A222122}.RelWithDebInfo|x64.Build.0 = RelWithDebInfo|x64
		{A6BEF31C-F717-3D31-9097-064C546DBF9D}.Debug|x64.ActiveCfg = Debug|x64
		{A6BEF31C-F717-3D31-9097-064C546DBF9D}.Debug|x64.Build.0 = Debug|x64
		{A6BEF31C-F717-3D31-9097-064C546DBF9D}.Release|x64.ActiveCfg = Release|x64
		{A6BEF31C-F717-3D31-9097-064C546DBF9D}.Release|x64.Build.0 = Release|x64
		{A6BEF31C-F717-3D31-9097-064C546DBF9D}.MinSizeRel|x64.ActiveCfg = MinSizeRel|x64
		{A6BEF31C-F717-3D31-9097-064C546DBF9D}.MinSizeRel|x64.Build.0 = MinSizeRel|x64
		{A6BEF31C-F717-3D31-9097-064C546DBF9D}.RelWithDebInfo|x64.ActiveCfg = RelWithDebInfo|x64
		{A6BEF31C-F717-3D31-9097-064C546DBF9D}.RelWithDebInfo|x64.Build.0 = RelWithDebInfo|x64
		{B17E9BA3-F44E-387F-BD58-7E45E694A7E1}.Debug|x64.ActiveCfg = Debug|x64
		{B17E9BA3-F44E-387F-BD58-7E45E694A7E1}.Debug|x64.Build.0 = Debug|x64
		{B17E9BA3-F44E-387F-BD58-7E45E694A7E1}.Release|x64.ActiveCfg = Release|x64
		{B17E9BA3-F44E-387F-BD58-7E45E694A7E1}.Release|x64.Build.0 = Release|x64
		{B17E9BA3-F44E-387F-BD58-7E45E694A7E1}.MinSizeRel|x64.ActiveCfg = MinSizeRel|x64
		{B17E9BA3-F44E-387F-BD58-7E45E694A7E1}.MinSizeRel|x64.Build.0 = MinSizeRel|x64
		{B17E9BA3-F44E-387F-BD58-7E45E694A7E1}.RelWithDebInfo|x64.ActiveCfg = RelWithDebInfo|x64
		{B17E9BA3-F44E-387F-BD58-7E45E694A7E1}.RelWithDebInfo|x64.Build.0 = RelWithDebInfo|x64
		{FEB30B44-7F11-3D7C-A249-CCDCAB2B151D}.Debug|x64.ActiveCfg = Debug|x64
		{FEB30B44-7F11-3D7C-A249-CCDCAB2B151D}.Debug|x64.Build.0 = Debug|x64
		{FEB30B44-7F11-3D7C-A249-CCDCAB2B151D}.Release|x64.ActiveCfg = Release|x64
		{FEB30B44-7F11-3D7C-A249-CCDCAB2B151D}.Release|x64.Build.0 = Release|x64
		{FEB30B44-7F11-3D7C-A249-CCDCAB2B151D}.MinSizeRel|x64.ActiveCfg = MinSizeRel|x64
		{FEB30B44-7F11-3D7C-A249-CCDCAB2B151D}.MinSizeRel|x64.Build.0 = MinSizeRel|x64
		{FEB30B44-7F11-3D7C-A249-CCDCAB2B151D}.RelWithDebInfo|x64.ActiveCfg = RelWithDebInfo|x64
		{FEB30B44-7F11-3D7C-A249-CCDCAB2B151D}.RelWithDebInfo|x64.Build.0 = RelWithDebInfo|x64
		{7AD0F5F9-65FE-350B-81D3-21069F703148}.Debug|x64.ActiveCfg = Debug|x64
		{7AD0F5F9-65FE-350B-81D3-21069F703148}.Debug|x64.Build.0 = Debug|x64
		{7AD0F5F9-65FE-350B-81D3-21069F703148}.Release|x64.ActiveCfg = Release|x64
		{7AD0F5F9-65FE-350B-81D3-21069F703148}.Release|x64.Build.0 = Release|x64
		{7AD0F5F9-65FE-350B-81D3-21069F703148}.MinSizeRel|x64.ActiveCfg = MinSizeRel|x64
		{7AD0F5F9-65FE-350B-81D3-21069F703148}.MinSizeRel|x64.Build.0 = MinSizeRel|x64
		{7AD0F5F9-65FE-350B-81D3-21069F703148}.RelWithDebInfo|x64.ActiveCfg = RelWithDebInfo|x64
		{7AD0F5F9-65FE-350B-81D3-21069F703148}.RelWithDebInfo|x64.Build.0 = RelWithDebInfo|x64
		{1FEFADA9-CF3B-3AA4-808F-659935CC8197}.Debug|x64.ActiveCfg = Debug|x64
		{1FEFADA9-CF3B-3AA4-808F-659935CC8197}.Debug|x64.Build.0 = Debug|x64
		{1FEFADA9-CF3B-3AA4-808F-659935CC8197}.Release|x64.ActiveCfg = Release|x64
		{1FEFADA9-CF3B-3AA4-808F-659935CC8197}.Release|x64.Build.0 = Release|x64
		{1FEFADA9-CF3B-3AA4-808F-659935CC8197}.MinSizeRel|x64.ActiveCfg = MinSizeRel|x64
		{1FEFADA9-CF3B-3AA4-808F-659935CC8197}.MinSizeRel|x64.Build.0 = MinSizeRel|x64
		{1FEFADA9-CF3B-3AA4-808F-659935CC8197}.RelWithDebInfo|x64.ActiveCfg = RelWithDebInfo|x64
		{1FEFADA9-CF3B-3AA4-808F-659935CC8197}.RelWithDebInfo|x64.Build.0 = RelWithDebInfo|x64
		{BF4D11F0-1579-3F2D-AA26-901FFA56B5A9}.Debug|x64.ActiveCfg = Debug|x64
		{BF4D11F0-1579-3F2D-AA26-901FFA56B5A9}.Debug|x64.Build.0 = Debug|x64
		{BF4D11F0-1579-3F2D-AA26-901FFA56B5A9}.Release|x64.ActiveCfg = Release|x64
		{BF4D11F0-1579-3F2D-AA26-901FFA56B5A9}.Release|x64.Build.0 = Release|x64
		{BF4D11F0-1579-3F2D-AA26-901FFA56B5A9}.MinSizeRel|x64.ActiveCfg = MinSizeRel|x64
		{BF4D11F0-1579-3F2D-AA26-901FFA56B5A9}.MinSizeRel|x64.Build.0 = MinSizeRel|x64
		{BF4D11F0-1579-3F2D-AA26-901FFA56B5A9}.RelWithDebInfo|x64.ActiveCfg = RelWithDebInfo|x64
		{BF4D11F0-1579-3F2D-AA26-901FFA56B5A9}.RelWithDebInfo|x64.Build.0 = RelWithDebInfo|x64
		{72DB844A-406F-30DE-B132-AA04A01ECE59}.Debug|x64.ActiveCfg = Debug|x64
		{72DB844A-406F-30DE-B132-AA04A01ECE59}.Debug|x64.Build.0 = Debug|x64
		{72DB844A-406F-30DE-B132-AA04A01ECE59}.Release|x64.ActiveCfg = Release|x64
		{72DB844A-406F-30DE-B132-AA04A01ECE59}.Release|x64.Build.0 = Release|x64
		{72DB844A-406F-30DE-B132-AA04A01ECE59}.MinSizeRel|x64.ActiveCfg = MinSizeRel|x64
		{72DB844A-406F-30DE-B132-AA04A01ECE59}.MinSizeRel|x64.Build.0 = MinSizeRel|x64
		{72DB844A-406F-30DE-B132-AA04A01ECE59}.RelWithDebInfo|x64.ActiveCfg = RelWithDebInfo|x64
		{72DB844A-406F-30DE-B132-AA04A01ECE59}.RelWithDebInfo|x64.Build.0 = RelWithDebInfo|x64
		{3743EADD-61AD-38C7-B811-ECEA33D3BC7E}.Debug|x64.ActiveCfg = Debug|x64
		{3743EADD-61AD-38C7-B811-ECEA33D3BC7E}.Debug|x64.Build.0 = Debug|x64
		{3743EADD-61AD-38C7-B811-ECEA33D3BC7E}.Release|x64.ActiveCfg = Release|x64
		{3743EADD-61AD-38C7-B811-ECEA33D3BC7E}.Release|x64.Build.0 = Release|x64
		{3743EADD-61AD-38C7-B811-ECEA33D3BC7E}.MinSizeRel|x64.ActiveCfg = MinSizeRel|x64
		{3743EADD-61AD-38C7-B811-ECEA33D3BC7E}.MinSizeRel|x64.Build.0 = MinSizeRel|x64
		{3743EADD-61AD-38C7-B811-ECEA33D3BC7E}.RelWithDebInfo|x64.ActiveCfg = RelWithDebInfo|x64
		{3743EADD-61AD-38C7-B811-ECEA33D3BC7E}.RelWithDebInfo|x64.Build.0 = RelWithDebInfo|x64
		{D0C81D3C-4667-3495-B529-63F88D4418CF}.Debug|x64.ActiveCfg = Debug|x64
		{D0C81D3C-4667-3495-B529-63F88D4418CF}.Debug|x64.Build.0 = Debug|x64
		{D0C81D3C-4667-3495-B529-63F88D4418CF}.Release|x64.ActiveCfg = Release|x64
		{D0C81D3C-4667-3495-B529-63F88D4418CF}.Release|x64.Build.0 = Release|x64
		{D0C81D3C-4667-3495-B529-63F88D4418CF}.MinSizeRel|x64.ActiveCfg = MinSizeRel|x64
		{D0C81D3C-4667-3495-B529-63F88D4418CF}.MinSizeRel|x64.Build.0 = MinSizeRel|x64
		{D0C81D3C-4667-3495-B529-63F88D4418CF}.RelWithDebInfo|x64.ActiveCfg = RelWithDebInfo|x64
		{D0C81D3C-4667-3495-B529-63F88D4418CF}.RelWithDebInfo|x64.Build.0 = RelWithDebInfo|x64
		{78DD1FDD-E723-3B8A-B104-88A34D80D424}.Debug|x64.ActiveCfg = Debug|x64
		{78DD1FDD-E723-3B8A-B104-88A34D80D424}.Debug|x64.Build.0 = Debug|x64
		{78DD1FDD-E723-3B8A-B104-88A34D80D424}.Release|x64.ActiveCfg = Release|x64
		{78DD1FDD-E723-3B8A-B104-88A34D80D424}.Release|x64.Build.0 = Release|x64
		{78DD1FDD-E723-3B8A-B104-88A34D80D424}.MinSizeRel|x64.ActiveCfg = MinSizeRel|x64
		{78DD1FDD-E723-3B8A-B104-88A34D80D424}.MinSizeRel|x64.Build.0 = MinSizeRel|x64
		{78DD1FDD-E723-3B8A-B104-88A34D80D424}.RelWithDebInfo|x64.ActiveCfg = RelWithDebInfo|x64
		{78DD1FDD-E723-3B8A-B104-88A34D80D424}.RelWithDebInfo|x64.Build.0 = RelWithDebInfo|x64
		{B5E2F989-F141-39C9-8363-61A7995E85AD}.Debug|x64.ActiveCfg = Debug|x64
		{B5E2F989-F141-39C9-8363-61A7995E85AD}.Debug|x64.Build.0 = Debug|x64
		{B5E2F989-F141-39C9-8363-61A7995E85AD}.Release|x64.ActiveCfg = Release|x64
		{B5E2F989-F141-39C9-8363-61A7995E85AD}.Release|x64.Build.0 = Release|x64
		{B5E2F989-F141-39C9-8363-61A7995E85AD}.MinSizeRel|x64.ActiveCfg = MinSizeRel|x64
		{B5E2F989-F141-39C9-8363-61A7995E85AD}.MinSizeRel|x64.Build.0 = MinSizeRel|x64
		{B5E2F989-F141-39C9-8363-61A7995E85AD}.RelWithDebInfo|x64.ActiveCfg = RelWithDebInfo|x64
		{B5E2F989-F141-39C9-8363-61A7995E85AD}.RelWithDebInfo|x64.Build.0 = RelWithDebInfo|x64
		{EE8D6B57-6053-376F-B74C-2030083ED7BB}.Debug|x64.ActiveCfg = Debug|x64
		{EE8D6B57-6053-376F-B74C-2030083ED7BB}.Debug|x64.Build.0 = Debug|x64
		{EE8D6B57-6053-376F-B74C-2030083ED7BB}.Release|x64.ActiveCfg = Release|x64
		{EE8D6B57-6053-376F-B74C-2030083ED7BB}.Release|x64.Build.0 = Release|x64
		{EE8D6B57-6053-376F-B74C-2030083ED7BB}.MinSizeRel|x64.ActiveCfg = MinSizeRel|x64
		{EE8D6B57-6053-376F-B74C-2030083ED7BB}.MinSizeRel|x64.Build.0 = MinSizeRel|x64
		{EE8D6B57-6053-376F-B74C-2030083ED7BB}.RelWithDebInfo|x64.ActiveCfg = RelWithDebInfo|x64
		{EE8D6B57-6053-376F-B74C-2030083ED7BB}.RelWithDebInfo|x64.Build.0 = RelWithDebInfo|x64
		{B73A982B-DA6A-3095-B213-E2CE8DFDA4B2}.Debug|x64.ActiveCfg = Debug|x64
		{B73A982B-DA6A-3095-B213-E2CE8DFDA4B2}.Debug|x64.Build.0 = Debug|x64
		{B73A982B-DA6A-3095-B213-E2CE8DFDA4B2}.Release|x64.ActiveCfg = Release|x64
		{B73A982B-DA6A-3095-B213-E2CE8DFDA4B2}.Release|x64.Build.0 = Release|x64
		{B73A982B-DA6A-3095-B213-E2CE8DFDA4B2}.MinSizeRel|x64.ActiveCfg = MinSizeRel|x64
		{B73A982B-DA6A-3095-B213-E2CE8DFDA4B2}.MinSizeRel|x64.Build.0 = MinSizeRel|x64
		{B73A982B-DA6A-3095-B213-E2CE8DFDA4B2}.RelWithDebInfo|x64.ActiveCfg = RelWithDebInfo|x64
		{B73A982B-DA6A-3095-B213-E2CE8DFDA4B2}.RelWithDebInfo|x64.Build.0 = RelWithDebInfo|x64
		{8CB86D02-4A27-378F-9A12-8796D52AB31D}.Debug|x64.ActiveCfg = Debug|x64
		{8CB86D02-4A27-378F-9A12-8796D52AB31D}.Debug|x64.Build.0 = Debug|x64
		{8CB86D02-4A27-378F-9A12-8796D52AB31D}.Release|x64.ActiveCfg = Release|x64
		{8CB86D02-4A27-378F-9A12-8796D52AB31D}.Release|x64.Build.0 = Release|x64
		{8CB86D02-4A27-378F-9A12-8796D52AB31D}.MinSizeRel|x64.ActiveCfg = MinSizeRel|x64
		{8CB86D02-4A27-378F-9A12-8796D52AB31D}.MinSizeRel|x64.Build.0 = MinSizeRel|x64
		{8CB86D02-4A27-378F-9A12-8796D52AB31D}.RelWithDebInfo|x64.ActiveCfg = RelWithDebInfo|x64
		{8CB86D02-4A27-378F-9A12-8796D52AB31D}.RelWithDebInfo|x64.Build.0 = RelWithDebInfo|x64
		{26DC705C-19C1-3559-A579-A1F18C61F472}.Debug|x64.ActiveCfg = Debug|x64
		{26DC705C-19C1-3559-A579-A1F18C61F472}.Debug|x64.Build.0 = Debug|x64
		{26DC705C-19C1-3559-A579-A1F18C61F472}.Release|x64.ActiveCfg = Release|x64
		{26DC705C-19C1-3559-A579-A1F18C61F472}.Release|x64.Build.0 = Release|x64
		{26DC705C-19C1-3559-A579-A1F18C61F472}.MinSizeRel|x64.ActiveCfg = MinSizeRel|x64
		{26DC705C-19C1-3559-A579-A1F18C61F472}.MinSizeRel|x64.Build.0 = MinSizeRel|x64
		{26DC705C-19C1-3559-A579-A1F18C61F472}.RelWithDebInfo|x64.ActiveCfg = RelWithDebInfo|x64
		{26DC705C-19C1-3559-A579-A1F18C61F472}.RelWithDebInfo|x64.Build.0 = RelWithDebInfo|x64
		{046B0EF3-E6C0-3687-9F9A-BB45B8A7527E}.Debug|x64.ActiveCfg = Debug|x64
		{046B0EF3-E6C0-3687-9F9A-BB45B8A7527E}.Release|x64.ActiveCfg = Release|x64
		{046B0EF3-E6C0-3687-9F9A-BB45B8A7527E}.MinSizeRel|x64.ActiveCfg = MinSizeRel|x64
		{046B0EF3-E6C0-3687-9F9A-BB45B8A7527E}.RelWithDebInfo|x64.ActiveCfg = RelWithDebInfo|x64
		{25B339CF-0B92-3882-8865-A9E45CEB180B}.Debug|x64.ActiveCfg = Debug|x64
		{25B339CF-0B92-3882-8865-A9E45CEB180B}.Release|x64.ActiveCfg = Release|x64
		{25B339CF-0B92-3882-8865-A9E45CEB180B}.MinSizeRel|x64.ActiveCfg = MinSizeRel|x64
		{25B339CF-0B92-3882-8865-A9E45CEB180B}.RelWithDebInfo|x64.ActiveCfg = RelWithDebInfo|x64
		{6E181341-1733-3ACC-8296-15432DD44DF1}.Debug|x64.ActiveCfg = Debug|x64
		{6E181341-1733-3ACC-8296-15432DD44DF1}.Debug|x64.Build.0 = Debug|x64
		{6E181341-1733-3ACC-8296-15432DD44DF1}.Release|x64.ActiveCfg = Release|x64
		{6E181341-1733-3ACC-8296-15432DD44DF1}.Release|x64.Build.0 = Release|x64
		{6E181341-1733-3ACC-8296-15432DD44DF1}.MinSizeRel|x64.ActiveCfg = MinSizeRel|x64
		{6E181341-1733-3ACC-8296-15432DD44DF1}.MinSizeRel|x64.Build.0 = MinSizeRel|x64
		{6E181341-1733-3ACC-8296-15432DD44DF1}.RelWithDebInfo|x64.ActiveCfg = RelWithDebInfo|x64
		{6E181341-1733-3ACC-8296-15432DD44DF1}.RelWithDebInfo|x64.Build.0 = RelWithDebInfo|x64
		{CDEA8FBC-131C-38BA-9C47-536D8D3BE719}.Debug|x64.ActiveCfg = Debug|x64
		{CDEA8FBC-131C-38BA-9C47-536D8D3BE719}.Debug|x64.Build.0 = Debug|x64
		{CDEA8FBC-131C-38BA-9C47-536D8D3BE719}.Release|x64.ActiveCfg = Release|x64
		{CDEA8FBC-131C-38BA-9C47-536D8D3BE719}.Release|x64.Build.0 = Release|x64
		{CDEA8FBC-131C-38BA-9C47-536D8D3BE719}.MinSizeRel|x64.ActiveCfg = MinSizeRel|x64
		{CDEA8FBC-131C-38BA-9C47-536D8D3BE719}.MinSizeRel|x64.Build.0 = MinSizeRel|x64
		{CDEA8FBC-131C-38BA-9C47-536D8D3BE719}.RelWithDebInfo|x64.ActiveCfg = RelWithDebInfo|x64
		{CDEA8FBC-131C-38BA-9C47-536D8D3BE719}.RelWithDebInfo|x64.Build.0 = RelWithDebInfo|x64
	EndGlobalSection
	GlobalSection(NestedProjects) = preSolution
		{D29D6DD9-5C7C-37A0-8A32-3728FD0F2F9B} = {8BE77F9C-7405-3EC1-955A-14D05581CCDF}
		{4153C1A0-4FF8-3394-BA83-0FC23D4D23ED} = {8BE77F9C-7405-3EC1-955A-14D05581CCDF}
		{9A99F498-2AEA-32BA-9C23-14431FA573EE} = {8BE77F9C-7405-3EC1-955A-14D05581CCDF}
		{066D6B3B-CE00-3768-9FDF-B5F86B2C9D02} = {7DF88F53-5085-3590-9E57-42354358DF20}
		{1681D0DC-F66A-3F4E-8108-57093F8B2BF7} = {7DF88F53-5085-3590-9E57-42354358DF20}
		{8AA2BD7A-9E8F-345F-8A60-D0C95910A46A} = {7DF88F53-5085-3590-9E57-42354358DF20}
		{046B0EF3-E6C0-3687-9F9A-BB45B8A7527E} = {7DF88F53-5085-3590-9E57-42354358DF20}
		{25B339CF-0B92-3882-8865-A9E45CEB180B} = {7DF88F53-5085-3590-9E57-42354358DF20}
		{38031DF4-94A9-3AE1-A404-DB7A1C2A142A} = {066D6B3B-CE00-3768-9FDF-B5F86B2C9D02}
		{93A1B500-8CC4-3232-94C6-1CDEF31164A8} = {066D6B3B-CE00-3768-9FDF-B5F86B2C9D02}
		{E5B72D4B-FD24-37DF-AAF2-0209B1A20B86} = {066D6B3B-CE00-3768-9FDF-B5F86B2C9D02}
		{7AD0F5F9-65FE-350B-81D3-21069F703148} = {066D6B3B-CE00-3768-9FDF-B5F86B2C9D02}
		{BF4D11F0-1579-3F2D-AA26-901FFA56B5A9} = {066D6B3B-CE00-3768-9FDF-B5F86B2C9D02}
		{3743EADD-61AD-38C7-B811-ECEA33D3BC7E} = {066D6B3B-CE00-3768-9FDF-B5F86B2C9D02}
		{D0C81D3C-4667-3495-B529-63F88D4418CF} = {066D6B3B-CE00-3768-9FDF-B5F86B2C9D02}
		{78DD1FDD-E723-3B8A-B104-88A34D80D424} = {066D6B3B-CE00-3768-9FDF-B5F86B2C9D02}
		{6E181341-1733-3ACC-8296-15432DD44DF1} = {066D6B3B-CE00-3768-9FDF-B5F86B2C9D02}
		{60BBEB5D-9770-35EF-9468-D932749BB269} = {1681D0DC-F66A-3F4E-8108-57093F8B2BF7}
		{5500A9D4-DDD4-3784-AB34-A946179C2DEB} = {1681D0DC-F66A-3F4E-8108-57093F8B2BF7}
		{9931AA71-8BFA-3620-8203-7E580AC8ABF3} = {1681D0DC-F66A-3F4E-8108-57093F8B2BF7}
		{63C79721-4EC9-3F15-B72B-D765C917CC9C} = {1681D0DC-F66A-3F4E-8108-57093F8B2BF7}
		{121A656C-5BC1-32E6-A6F6-FF7EEACE42F7} = {1681D0DC-F66A-3F4E-8108-57093F8B2BF7}
		{C37694D4-5A00-3F69-8281-69FABFD3426B} = {1681D0DC-F66A-3F4E-8108-57093F8B2BF7}
		{9B8558F6-3A9B-3042-A3A9-7750F4EFD4E0} = {1681D0DC-F66A-3F4E-8108-57093F8B2BF7}
		{907F1DD8-289A-3F06-9CCA-BD58C8598CB4} = {1681D0DC-F66A-3F4E-8108-57093F8B2BF7}
		{5EBB134F-40C1-3FC0-957C-44C47A222122} = {1681D0DC-F66A-3F4E-8108-57093F8B2BF7}
		{A6BEF31C-F717-3D31-9097-064C546DBF9D} = {1681D0DC-F66A-3F4E-8108-57093F8B2BF7}
		{B17E9BA3-F44E-387F-BD58-7E45E694A7E1} = {1681D0DC-F66A-3F4E-8108-57093F8B2BF7}
		{FEB30B44-7F11-3D7C-A249-CCDCAB2B151D} = {1681D0DC-F66A-3F4E-8108-57093F8B2BF7}
		{1FEFADA9-CF3B-3AA4-808F-659935CC8197} = {1681D0DC-F66A-3F4E-8108-57093F8B2BF7}
		{72DB844A-406F-30DE-B132-AA04A01ECE59} = {1681D0DC-F66A-3F4E-8108-57093F8B2BF7}
		{B5E2F989-F141-39C9-8363-61A7995E85AD} = {1681D0DC-F66A-3F4E-8108-57093F8B2BF7}
		{EE8D6B57-6053-376F-B74C-2030083ED7BB} = {1681D0DC-F66A-3F4E-8108-57093F8B2BF7}
		{B73A982B-DA6A-3095-B213-E2CE8DFDA4B2} = {1681D0DC-F66A-3F4E-8108-57093F8B2BF7}
		{8CB86D02-4A27-378F-9A12-8796D52AB31D} = {1681D0DC-F66A-3F4E-8108-57093F8B2BF7}
		{26DC705C-19C1-3559-A579-A1F18C61F472} = {1681D0DC-F66A-3F4E-8108-57093F8B2BF7}
		{CDEA8FBC-131C-38BA-9C47-536D8D3BE719} = {1681D0DC-F66A-3F4E-8108-57093F8B2BF7}
	EndGlobalSection
	GlobalSection(ExtensibilityGlobals) = postSolution
		SolutionGuid = {F578D152-1D18-3876-88A3-AC18033E03C9}
	EndGlobalSection
	GlobalSection(ExtensibilityAddIns) = postSolution
	EndGlobalSection
EndGlobal
